{
  "name": "@multiplica/components",
  "version": "1.0.0",
  "lockfileVersion": 1,
  "requires": true,
  "dependencies": {
    "@angular/common": {
      "version": "6.0.0-rc.5",
      "resolved": "https://registry.npmjs.org/@angular/common/-/common-6.0.0-rc.5.tgz",
      "integrity": "sha512-1NKIKHz7Zqt+OOOp6lF4w/O2/iKjhhYEYpjYG7MRzwQOJmSzxK2KEpw2m80I+rF/SqGakZ46MPthAwa9XC2IBw==",
      "requires": {
        "tslib": "^1.9.0"
      }
    },
    "@angular/core": {
      "version": "6.0.0-rc.5",
      "resolved": "https://registry.npmjs.org/@angular/core/-/core-6.0.0-rc.5.tgz",
      "integrity": "sha512-2pZ0HgLBU5BcR8+S1Ju0FLMG15W0TgVS1I7AWE+CO/4TYDsC8/WYfQFuPNZvqwEU6M9yedWKjaNQB/Xzb32Sqg==",
      "requires": {
        "tslib": "^1.9.0"
      }
    },
    "@types/pluralize": {
      "version": "0.0.28",
      "resolved": "https://registry.npmjs.org/@types/pluralize/-/pluralize-0.0.28.tgz",
      "integrity": "sha512-WR/XtQMjTx4phclpWhfuoFURYPOwiBZD89gCCTG6RETzE70AZPAGGJ0h/t+a/E27MCVf1s2Z+wvH1pVTyckIcA==",
      "dev": true
    },
    "rxjs": {
      "version": "6.0.0",
      "resolved": "https://registry.npmjs.org/rxjs/-/rxjs-6.0.0.tgz",
      "integrity": "sha512-2MgLQr1zvks8+Kip4T6hcJdiBhV+SIvxguoWjhwtSpNPTp/5e09HJbgclCwR/nW0yWzhubM+6Q0prl8G5RuoBA==",
      "requires": {
        "tslib": "^1.9.0"
      }
    },
    "tslib": {
      "version": "1.9.0",
      "resolved": "https://registry.npmjs.org/tslib/-/tslib-1.9.0.tgz",
      "integrity": "sha512-f/qGG2tUkrISBlQZEjEqoZ3B2+npJjIf04H1wuAv9iA8i04Icp+61KRXxFdha22670NJopsZCIjhC3SnjPRKrQ=="
    },
    "typescript": {
      "version": "2.8.3",
      "resolved": "https://registry.npmjs.org/typescript/-/typescript-2.8.3.tgz",
      "integrity": "sha512-K7g15Bb6Ra4lKf7Iq2l/I5/En+hLIHmxWZGq3D4DIRNFxMNV6j2SHSvDOqs2tGd4UvD/fJvrwopzQXjLrT7Itw==",
      "dev": true
    },
    "zone.js": {
      "version": "0.8.26",
      "resolved": "https://registry.npmjs.org/zone.js/-/zone.js-0.8.26.tgz",
      "integrity": "sha512-W9Nj+UmBJG251wkCacIkETgra4QgBo/vgoEkb4a2uoLzpQG7qF9nzwoLXWU5xj3Fg2mxGvEDh47mg24vXccYjA==",
      "dev": true
    }
  }
}
